
Microsoft Visual Studio Solution File, Format Version 12.00
# Visual Studio Version 17
VisualStudioVersion = 17.4.33110.190
MinimumVisualStudioVersion = 10.0.40219.1
Project("{9A19103F-16F7-4668-BE54-9A1E7A4F7556}") = "Sudoku_Solver", "Sudoku_Solver.csproj", "{83D07E65-4F42-460F-9945-39248B335AF4}"
EndProject
Project("{2150E333-8FDC-42A3-9474-1A3956D46DE8}") = "Solution Items", "Solution Items", "{A0DDE106-DEFD-4988-9BAB-3DFF9C4909E4}"
	ProjectSection(SolutionItems) = preProject
		.editorconfig = .editorconfig
	EndProjectSection
EndProject
Global
	GlobalSection(SolutionConfigurationPlatforms) = preSolution
		Debug|Any CPU = Debug|Any CPU
		Release|Any CPU = Release|Any CPU
	EndGlobalSection
	GlobalSection(ProjectConfigurationPlatforms) = postSolution
		{83D07E65-4F42-460F-9945-39248B335AF4}.Debug|Any CPU.ActiveCfg = Debug|Any CPU
		{83D07E65-4F42-460F-9945-39248B335AF4}.Debug|Any CPU.Build.0 = Debug|Any CPU
		{83D07E65-4F42-460F-9945-39248B335AF4}.Release|Any CPU.ActiveCfg = Release|Any CPU
		{83D07E65-4F42-460F-9945-39248B335AF4}.Release|Any CPU.Build.0 = Release|Any CPU
	EndGlobalSection
	GlobalSection(SolutionProperties) = preSolution
		HideSolutionNode = FALSE
	EndGlobalSection
	GlobalSection(ExtensibilityGlobals) = postSolution
		SolutionGuid = {44A675F5-3003-4624-8A30-9B62F573AF41}
	EndGlobalSection
EndGlobal
